// !$*UTF8*$!
{
	archiveVersion = 1;
	classes = {
	};
	objectVersion = 51;
	objects = {

/* Begin PBXBuildFile section */
		167653A4261C050000BD1FC5 /* AppDelegate.swift in Sources */ = {isa = PBXBuildFile; fileRef = 167653A3261C050000BD1FC5 /* AppDelegate.swift */; };
		167653A6261C050000BD1FC5 /* SceneDelegate.swift in Sources */ = {isa = PBXBuildFile; fileRef = 167653A5261C050000BD1FC5 /* SceneDelegate.swift */; };
		167653A8261C050000BD1FC5 /* ViewController.swift in Sources */ = {isa = PBXBuildFile; fileRef = 167653A7261C050000BD1FC5 /* ViewController.swift */; };
		167653AB261C050000BD1FC5 /* Main.storyboard in Resources */ = {isa = PBXBuildFile; fileRef = 167653A9261C050000BD1FC5 /* Main.storyboard */; };
		167653AD261C050000BD1FC5 /* Assets.xcassets in Resources */ = {isa = PBXBuildFile; fileRef = 167653AC261C050000BD1FC5 /* Assets.xcassets */; };
		167653B0261C050000BD1FC5 /* LaunchScreen.storyboard in Resources */ = {isa = PBXBuildFile; fileRef = 167653AE261C050000BD1FC5 /* LaunchScreen.storyboard */; };
		167653BB261C050100BD1FC5 /* testTests.swift in Sources */ = {isa = PBXBuildFile; fileRef = 167653BA261C050100BD1FC5 /* testTests.swift */; };
		167653C6261C050100BD1FC5 /* testUITests.swift in Sources */ = {isa = PBXBuildFile; fileRef = 167653C5261C050100BD1FC5 /* testUITests.swift */; };
		167653E1261C051000BD1FC5 /* SCDSwiftKit.swift in Sources */ = {isa = PBXBuildFile; fileRef = 167653D7261C051000BD1FC5 /* SCDSwiftKit.swift */; };
		167653E2261C051000BD1FC5 /* SCDTextFieldAttributes.swift in Sources */ = {isa = PBXBuildFile; fileRef = 167653D9261C051000BD1FC5 /* SCDTextFieldAttributes.swift */; };
		167653E3261C051000BD1FC5 /* SCDTableViewAttributes.swift in Sources */ = {isa = PBXBuildFile; fileRef = 167653DA261C051000BD1FC5 /* SCDTableViewAttributes.swift */; };
		167653E4261C051000BD1FC5 /* SCDViewAttributes.swift in Sources */ = {isa = PBXBuildFile; fileRef = 167653DB261C051000BD1FC5 /* SCDViewAttributes.swift */; };
		167653E5261C051000BD1FC5 /* SCDScrollViewAttributes.swift in Sources */ = {isa = PBXBuildFile; fileRef = 167653DC261C051000BD1FC5 /* SCDScrollViewAttributes.swift */; };
		167653E6261C051000BD1FC5 /* SCDButtonAttributes.swift in Sources */ = {isa = PBXBuildFile; fileRef = 167653DD261C051000BD1FC5 /* SCDButtonAttributes.swift */; };
		167653E7261C051000BD1FC5 /* SCDImageViewAttributes.swift in Sources */ = {isa = PBXBuildFile; fileRef = 167653DE261C051000BD1FC5 /* SCDImageViewAttributes.swift */; };
		167653E8261C051000BD1FC5 /* SCDLabelAttributes.swift in Sources */ = {isa = PBXBuildFile; fileRef = 167653DF261C051000BD1FC5 /* SCDLabelAttributes.swift */; };
		167653E9261C051000BD1FC5 /* SCDTextViewAttributes.swift in Sources */ = {isa = PBXBuildFile; fileRef = 167653E0261C051000BD1FC5 /* SCDTextViewAttributes.swift */; };
		169A87E4261C0F6B0025A5C2 /* GTDateTimeManager.swift in Sources */ = {isa = PBXBuildFile; fileRef = 169A87DF261C0F6B0025A5C2 /* GTDateTimeManager.swift */; };
		169A87E5261C0F6B0025A5C2 /* BaseFooterView.swift in Sources */ = {isa = PBXBuildFile; fileRef = 169A87E0261C0F6B0025A5C2 /* BaseFooterView.swift */; };
		169A87E6261C0F6B0025A5C2 /* MJRefreshNormalHeaderNew.swift in Sources */ = {isa = PBXBuildFile; fileRef = 169A87E1261C0F6B0025A5C2 /* MJRefreshNormalHeaderNew.swift */; };
		169A87E7261C0F6B0025A5C2 /* MJRefreshAutoNormalFooterNew.swift in Sources */ = {isa = PBXBuildFile; fileRef = 169A87E2261C0F6B0025A5C2 /* MJRefreshAutoNormalFooterNew.swift */; };
		169A87E8261C0F6B0025A5C2 /* RefreshTabViewExtension.swift in Sources */ = {isa = PBXBuildFile; fileRef = 169A87E3261C0F6B0025A5C2 /* RefreshTabViewExtension.swift */; };
		169A88C7261C33900025A5C2 /* Color.swift in Sources */ = {isa = PBXBuildFile; fileRef = 169A88C6261C33900025A5C2 /* Color.swift */; };
		169A88CE261C35EE0025A5C2 /* NormalTableViewCell.swift in Sources */ = {isa = PBXBuildFile; fileRef = 169A88CD261C35EE0025A5C2 /* NormalTableViewCell.swift */; };
		169A88D6261C3D9A0025A5C2 /* RefreshViewController.swift in Sources */ = {isa = PBXBuildFile; fileRef = 169A88D5261C3D9A0025A5C2 /* RefreshViewController.swift */; };
		169A88E5261C3E9A0025A5C2 /* UIShowViewController.swift in Sources */ = {isa = PBXBuildFile; fileRef = 169A88E4261C3E9A0025A5C2 /* UIShowViewController.swift */; };
		169A88EA261C3EBE0025A5C2 /* BaseViewController.swift in Sources */ = {isa = PBXBuildFile; fileRef = 169A88E9261C3EBE0025A5C2 /* BaseViewController.swift */; };
		D2B4FBD76E4B2E429E99471A /* Pods_test.framework in Frameworks */ = {isa = PBXBuildFile; fileRef = 336F8ECB79692334C97E72BD /* Pods_test.framework */; };
/* End PBXBuildFile section */

/* Begin PBXContainerItemProxy section */
		167653B7261C050100BD1FC5 /* PBXContainerItemProxy */ = {
			isa = PBXContainerItemProxy;
			containerPortal = 16765398261C050000BD1FC5 /* Project object */;
			proxyType = 1;
			remoteGlobalIDString = 1676539F261C050000BD1FC5;
			remoteInfo = test;
		};
		167653C2261C050100BD1FC5 /* PBXContainerItemProxy */ = {
			isa = PBXContainerItemProxy;
			containerPortal = 16765398261C050000BD1FC5 /* Project object */;
			proxyType = 1;
			remoteGlobalIDString = 1676539F261C050000BD1FC5;
			remoteInfo = test;
		};
/* End PBXContainerItemProxy section */

/* Begin PBXFileReference section */
		167653A0261C050000BD1FC5 /* test.app */ = {isa = PBXFileReference; explicitFileType = wrapper.application; includeInIndex = 0; path = test.app; sourceTree = BUILT_PRODUCTS_DIR; };
		167653A3261C050000BD1FC5 /* AppDelegate.swift */ = {isa = PBXFileReference; lastKnownFileType = sourcecode.swift; path = AppDelegate.swift; sourceTree = "<group>"; };
		167653A5261C050000BD1FC5 /* SceneDelegate.swift */ = {isa = PBXFileReference; lastKnownFileType = sourcecode.swift; path = SceneDelegate.swift; sourceTree = "<group>"; };
		167653A7261C050000BD1FC5 /* ViewController.swift */ = {isa = PBXFileReference; lastKnownFileType = sourcecode.swift; path = ViewController.swift; sourceTree = "<group>"; };
		167653AA261C050000BD1FC5 /* Base */ = {isa = PBXFileReference; lastKnownFileType = file.storyboard; name = Base; path = Base.lproj/Main.storyboard; sourceTree = "<group>"; };
		167653AC261C050000BD1FC5 /* Assets.xcassets */ = {isa = PBXFileReference; lastKnownFileType = folder.assetcatalog; path = Assets.xcassets; sourceTree = "<group>"; };
		167653AF261C050000BD1FC5 /* Base */ = {isa = PBXFileReference; lastKnownFileType = file.storyboard; name = Base; path = Base.lproj/LaunchScreen.storyboard; sourceTree = "<group>"; };
		167653B1261C050000BD1FC5 /* Info.plist */ = {isa = PBXFileReference; lastKnownFileType = text.plist.xml; path = Info.plist; sourceTree = "<group>"; };
		167653B6261C050100BD1FC5 /* testTests.xctest */ = {isa = PBXFileReference; explicitFileType = wrapper.cfbundle; includeInIndex = 0; path = testTests.xctest; sourceTree = BUILT_PRODUCTS_DIR; };
		167653BA261C050100BD1FC5 /* testTests.swift */ = {isa = PBXFileReference; lastKnownFileType = sourcecode.swift; path = testTests.swift; sourceTree = "<group>"; };
		167653BC261C050100BD1FC5 /* Info.plist */ = {isa = PBXFileReference; lastKnownFileType = text.plist.xml; path = Info.plist; sourceTree = "<group>"; };
		167653C1261C050100BD1FC5 /* testUITests.xctest */ = {isa = PBXFileReference; explicitFileType = wrapper.cfbundle; includeInIndex = 0; path = testUITests.xctest; sourceTree = BUILT_PRODUCTS_DIR; };
		167653C5261C050100BD1FC5 /* testUITests.swift */ = {isa = PBXFileReference; lastKnownFileType = sourcecode.swift; path = testUITests.swift; sourceTree = "<group>"; };
		167653C7261C050100BD1FC5 /* Info.plist */ = {isa = PBXFileReference; lastKnownFileType = text.plist.xml; path = Info.plist; sourceTree = "<group>"; };
		167653D7261C051000BD1FC5 /* SCDSwiftKit.swift */ = {isa = PBXFileReference; fileEncoding = 4; lastKnownFileType = sourcecode.swift; path = SCDSwiftKit.swift; sourceTree = "<group>"; };
		167653D9261C051000BD1FC5 /* SCDTextFieldAttributes.swift */ = {isa = PBXFileReference; fileEncoding = 4; lastKnownFileType = sourcecode.swift; path = SCDTextFieldAttributes.swift; sourceTree = "<group>"; };
		167653DA261C051000BD1FC5 /* SCDTableViewAttributes.swift */ = {isa = PBXFileReference; fileEncoding = 4; lastKnownFileType = sourcecode.swift; path = SCDTableViewAttributes.swift; sourceTree = "<group>"; };
		167653DB261C051000BD1FC5 /* SCDViewAttributes.swift */ = {isa = PBXFileReference; fileEncoding = 4; lastKnownFileType = sourcecode.swift; path = SCDViewAttributes.swift; sourceTree = "<group>"; };
		167653DC261C051000BD1FC5 /* SCDScrollViewAttributes.swift */ = {isa = PBXFileReference; fileEncoding = 4; lastKnownFileType = sourcecode.swift; path = SCDScrollViewAttributes.swift; sourceTree = "<group>"; };
		167653DD261C051000BD1FC5 /* SCDButtonAttributes.swift */ = {isa = PBXFileReference; fileEncoding = 4; lastKnownFileType = sourcecode.swift; path = SCDButtonAttributes.swift; sourceTree = "<group>"; };
		167653DE261C051000BD1FC5 /* SCDImageViewAttributes.swift */ = {isa = PBXFileReference; fileEncoding = 4; lastKnownFileType = sourcecode.swift; path = SCDImageViewAttributes.swift; sourceTree = "<group>"; };
		167653DF261C051000BD1FC5 /* SCDLabelAttributes.swift */ = {isa = PBXFileReference; fileEncoding = 4; lastKnownFileType = sourcecode.swift; path = SCDLabelAttributes.swift; sourceTree = "<group>"; };
		167653E0261C051000BD1FC5 /* SCDTextViewAttributes.swift */ = {isa = PBXFileReference; fileEncoding = 4; lastKnownFileType = sourcecode.swift; path = SCDTextViewAttributes.swift; sourceTree = "<group>"; };
		169A87DF261C0F6B0025A5C2 /* GTDateTimeManager.swift */ = {isa = PBXFileReference; fileEncoding = 4; lastKnownFileType = sourcecode.swift; path = GTDateTimeManager.swift; sourceTree = "<group>"; };
		169A87E0261C0F6B0025A5C2 /* BaseFooterView.swift */ = {isa = PBXFileReference; fileEncoding = 4; lastKnownFileType = sourcecode.swift; path = BaseFooterView.swift; sourceTree = "<group>"; };
		169A87E1261C0F6B0025A5C2 /* MJRefreshNormalHeaderNew.swift */ = {isa = PBXFileReference; fileEncoding = 4; lastKnownFileType = sourcecode.swift; path = MJRefreshNormalHeaderNew.swift; sourceTree = "<group>"; };
		169A87E2261C0F6B0025A5C2 /* MJRefreshAutoNormalFooterNew.swift */ = {isa = PBXFileReference; fileEncoding = 4; lastKnownFileType = sourcecode.swift; path = MJRefreshAutoNormalFooterNew.swift; sourceTree = "<group>"; };
		169A87E3261C0F6B0025A5C2 /* RefreshTabViewExtension.swift */ = {isa = PBXFileReference; fileEncoding = 4; lastKnownFileType = sourcecode.swift; path = RefreshTabViewExtension.swift; sourceTree = "<group>"; };
		169A88C6261C33900025A5C2 /* Color.swift */ = {isa = PBXFileReference; fileEncoding = 4; lastKnownFileType = sourcecode.swift; path = Color.swift; sourceTree = "<group>"; };
		169A88CD261C35EE0025A5C2 /* NormalTableViewCell.swift */ = {isa = PBXFileReference; lastKnownFileType = sourcecode.swift; path = NormalTableViewCell.swift; sourceTree = "<group>"; };
		169A88D5261C3D9A0025A5C2 /* RefreshViewController.swift */ = {isa = PBXFileReference; lastKnownFileType = sourcecode.swift; path = RefreshViewController.swift; sourceTree = "<group>"; };
		169A88E4261C3E9A0025A5C2 /* UIShowViewController.swift */ = {isa = PBXFileReference; lastKnownFileType = sourcecode.swift; path = UIShowViewController.swift; sourceTree = "<group>"; };
		169A88E9261C3EBE0025A5C2 /* BaseViewController.swift */ = {isa = PBXFileReference; lastKnownFileType = sourcecode.swift; path = BaseViewController.swift; sourceTree = "<group>"; };
		336F8ECB79692334C97E72BD /* Pods_test.framework */ = {isa = PBXFileReference; explicitFileType = wrapper.framework; includeInIndex = 0; path = Pods_test.framework; sourceTree = BUILT_PRODUCTS_DIR; };
		433D5C69F3D9EB8FF5AB5E03 /* Pods-test.release.xcconfig */ = {isa = PBXFileReference; includeInIndex = 1; lastKnownFileType = text.xcconfig; name = "Pods-test.release.xcconfig"; path = "Target Support Files/Pods-test/Pods-test.release.xcconfig"; sourceTree = "<group>"; };
		65C54A8AEB1E52418A9A60E1 /* Pods-test.debug.xcconfig */ = {isa = PBXFileReference; includeInIndex = 1; lastKnownFileType = text.xcconfig; name = "Pods-test.debug.xcconfig"; path = "Target Support Files/Pods-test/Pods-test.debug.xcconfig"; sourceTree = "<group>"; };
/* End PBXFileReference section */

/* Begin PBXFrameworksBuildPhase section */
		1676539D261C050000BD1FC5 /* Frameworks */ = {
			isa = PBXFrameworksBuildPhase;
			buildActionMask = 2147483647;
			files = (
				D2B4FBD76E4B2E429E99471A /* Pods_test.framework in Frameworks */,
			);
			runOnlyForDeploymentPostprocessing = 0;
		};
		167653B3261C050100BD1FC5 /* Frameworks */ = {
			isa = PBXFrameworksBuildPhase;
			buildActionMask = 2147483647;
			files = (
			);
			runOnlyForDeploymentPostprocessing = 0;
		};
		167653BE261C050100BD1FC5 /* Frameworks */ = {
			isa = PBXFrameworksBuildPhase;
			buildActionMask = 2147483647;
			files = (
			);
			runOnlyForDeploymentPostprocessing = 0;
		};
/* End PBXFrameworksBuildPhase section */

/* Begin PBXGroup section */
		16765397261C050000BD1FC5 = {
			isa = PBXGroup;
			children = (
				167653A2261C050000BD1FC5 /* test */,
				167653B9261C050100BD1FC5 /* testTests */,
				167653C4261C050100BD1FC5 /* testUITests */,
				167653A1261C050000BD1FC5 /* Products */,
				18531DFB0C6AB37DB47E8C78 /* Pods */,
				8B0C3F87471701A64C7A04ED /* Frameworks */,
			);
			sourceTree = "<group>";
		};
		167653A1261C050000BD1FC5 /* Products */ = {
			isa = PBXGroup;
			children = (
				167653A0261C050000BD1FC5 /* test.app */,
				167653B6261C050100BD1FC5 /* testTests.xctest */,
				167653C1261C050100BD1FC5 /* testUITests.xctest */,
			);
			name = Products;
			sourceTree = "<group>";
		};
		167653A2261C050000BD1FC5 /* test */ = {
			isa = PBXGroup;
			children = (
				169A88CC261C35CC0025A5C2 /* tableViewCell */,
				167653A3261C050000BD1FC5 /* AppDelegate.swift */,
				167653A5261C050000BD1FC5 /* SceneDelegate.swift */,
				167653A7261C050000BD1FC5 /* ViewController.swift */,
				169A88E9261C3EBE0025A5C2 /* BaseViewController.swift */,
				169A88D5261C3D9A0025A5C2 /* RefreshViewController.swift */,
				169A88E4261C3E9A0025A5C2 /* UIShowViewController.swift */,
				169A88C6261C33900025A5C2 /* Color.swift */,
				169A87DE261C0F6B0025A5C2 /* Refresh */,
				167653D6261C051000BD1FC5 /* SwiftKit */,
				167653A9261C050000BD1FC5 /* Main.storyboard */,
				167653AC261C050000BD1FC5 /* Assets.xcassets */,
				167653AE261C050000BD1FC5 /* LaunchScreen.storyboard */,
				167653B1261C050000BD1FC5 /* Info.plist */,
			);
			path = test;
			sourceTree = "<group>";
		};
		167653B9261C050100BD1FC5 /* testTests */ = {
			isa = PBXGroup;
			children = (
				167653BA261C050100BD1FC5 /* testTests.swift */,
				167653BC261C050100BD1FC5 /* Info.plist */,
			);
			path = testTests;
			sourceTree = "<group>";
		};
		167653C4261C050100BD1FC5 /* testUITests */ = {
			isa = PBXGroup;
			children = (
				167653C5261C050100BD1FC5 /* testUITests.swift */,
				167653C7261C050100BD1FC5 /* Info.plist */,
			);
			path = testUITests;
			sourceTree = "<group>";
		};
		167653D6261C051000BD1FC5 /* SwiftKit */ = {
			isa = PBXGroup;
			children = (
				167653D7261C051000BD1FC5 /* SCDSwiftKit.swift */,
				167653D8261C051000BD1FC5 /* Attributes */,
			);
			path = SwiftKit;
			sourceTree = "<group>";
		};
		167653D8261C051000BD1FC5 /* Attributes */ = {
			isa = PBXGroup;
			children = (
				167653D9261C051000BD1FC5 /* SCDTextFieldAttributes.swift */,
				167653DA261C051000BD1FC5 /* SCDTableViewAttributes.swift */,
				167653DB261C051000BD1FC5 /* SCDViewAttributes.swift */,
				167653DC261C051000BD1FC5 /* SCDScrollViewAttributes.swift */,
				167653DD261C051000BD1FC5 /* SCDButtonAttributes.swift */,
				167653DE261C051000BD1FC5 /* SCDImageViewAttributes.swift */,
				167653DF261C051000BD1FC5 /* SCDLabelAttributes.swift */,
				167653E0261C051000BD1FC5 /* SCDTextViewAttributes.swift */,
			);
			path = Attributes;
			sourceTree = "<group>";
		};
		169A87DE261C0F6B0025A5C2 /* Refresh */ = {
			isa = PBXGroup;
			children = (
				169A87DF261C0F6B0025A5C2 /* GTDateTimeManager.swift */,
				169A87E0261C0F6B0025A5C2 /* BaseFooterView.swift */,
				169A87E1261C0F6B0025A5C2 /* MJRefreshNormalHeaderNew.swift */,
				169A87E2261C0F6B0025A5C2 /* MJRefreshAutoNormalFooterNew.swift */,
				169A87E3261C0F6B0025A5C2 /* RefreshTabViewExtension.swift */,
			);
			path = Refresh;
			sourceTree = "<group>";
		};
		169A88CC261C35CC0025A5C2 /* tableViewCell */ = {
			isa = PBXGroup;
			children = (
				169A88CD261C35EE0025A5C2 /* NormalTableViewCell.swift */,
			);
			path = tableViewCell;
			sourceTree = "<group>";
		};
		18531DFB0C6AB37DB47E8C78 /* Pods */ = {
			isa = PBXGroup;
			children = (
				65C54A8AEB1E52418A9A60E1 /* Pods-test.debug.xcconfig */,
				433D5C69F3D9EB8FF5AB5E03 /* Pods-test.release.xcconfig */,
			);
			path = Pods;
			sourceTree = "<group>";
		};
		8B0C3F87471701A64C7A04ED /* Frameworks */ = {
			isa = PBXGroup;
			children = (
				336F8ECB79692334C97E72BD /* Pods_test.framework */,
			);
			name = Frameworks;
			sourceTree = "<group>";
		};
/* End PBXGroup section */

/* Begin PBXNativeTarget section */
		1676539F261C050000BD1FC5 /* test */ = {
			isa = PBXNativeTarget;
			buildConfigurationList = 167653CA261C050100BD1FC5 /* Build configuration list for PBXNativeTarget "test" */;
			buildPhases = (
				2A4BD2D923427198F0F600F6 /* [CP] Check Pods Manifest.lock */,
				1676539C261C050000BD1FC5 /* Sources */,
				1676539D261C050000BD1FC5 /* Frameworks */,
				1676539E261C050000BD1FC5 /* Resources */,
				7F29E62B2EE39F33510E28CB /* [CP] Embed Pods Frameworks */,
			);
			buildRules = (
			);
			dependencies = (
			);
			name = test;
			productName = test;
			productReference = 167653A0261C050000BD1FC5 /* test.app */;
			productType = "com.apple.product-type.application";
		};
		167653B5261C050100BD1FC5 /* testTests */ = {
			isa = PBXNativeTarget;
			buildConfigurationList = 167653CD261C050100BD1FC5 /* Build configuration list for PBXNativeTarget "testTests" */;
			buildPhases = (
				167653B2261C050100BD1FC5 /* Sources */,
				167653B3261C050100BD1FC5 /* Frameworks */,
				167653B4261C050100BD1FC5 /* Resources */,
			);
			buildRules = (
			);
			dependencies = (
				167653B8261C050100BD1FC5 /* PBXTargetDependency */,
			);
			name = testTests;
			productName = testTests;
			productReference = 167653B6261C050100BD1FC5 /* testTests.xctest */;
			productType = "com.apple.product-type.bundle.unit-test";
		};
		167653C0261C050100BD1FC5 /* testUITests */ = {
			isa = PBXNativeTarget;
			buildConfigurationList = 167653D0261C050100BD1FC5 /* Build configuration list for PBXNativeTarget "testUITests" */;
			buildPhases = (
				167653BD261C050100BD1FC5 /* Sources */,
				167653BE261C050100BD1FC5 /* Frameworks */,
				167653BF261C050100BD1FC5 /* Resources */,
			);
			buildRules = (
			);
			dependencies = (
				167653C3261C050100BD1FC5 /* PBXTargetDependency */,
			);
			name = testUITests;
			productName = testUITests;
			productReference = 167653C1261C050100BD1FC5 /* testUITests.xctest */;
			productType = "com.apple.product-type.bundle.ui-testing";
		};
/* End PBXNativeTarget section */

/* Begin PBXProject section */
		16765398261C050000BD1FC5 /* Project object */ = {
			isa = PBXProject;
			attributes = {
				LastSwiftUpdateCheck = 1200;
				LastUpgradeCheck = 1200;
				TargetAttributes = {
					1676539F261C050000BD1FC5 = {
						CreatedOnToolsVersion = 12.0.1;
					};
					167653B5261C050100BD1FC5 = {
						CreatedOnToolsVersion = 12.0.1;
						TestTargetID = 1676539F261C050000BD1FC5;
					};
					167653C0261C050100BD1FC5 = {
						CreatedOnToolsVersion = 12.0.1;
						TestTargetID = 1676539F261C050000BD1FC5;
					};
				};
			};
			buildConfigurationList = 1676539B261C050000BD1FC5 /* Build configuration list for PBXProject "test" */;
			compatibilityVersion = "Xcode 9.3";
			developmentRegion = en;
			hasScannedForEncodings = 0;
			knownRegions = (
				en,
				Base,
			);
			mainGroup = 16765397261C050000BD1FC5;
			productRefGroup = 167653A1261C050000BD1FC5 /* Products */;
			projectDirPath = "";
			projectRoot = "";
			targets = (
				1676539F261C050000BD1FC5 /* test */,
				167653B5261C050100BD1FC5 /* testTests */,
				167653C0261C050100BD1FC5 /* testUITests */,
			);
		};
/* End PBXProject section */

/* Begin PBXResourcesBuildPhase section */
		1676539E261C050000BD1FC5 /* Resources */ = {
			isa = PBXResourcesBuildPhase;
			buildActionMask = 2147483647;
			files = (
				167653B0261C050000BD1FC5 /* LaunchScreen.storyboard in Resources */,
				167653AD261C050000BD1FC5 /* Assets.xcassets in Resources */,
				167653AB261C050000BD1FC5 /* Main.storyboard in Resources */,
			);
			runOnlyForDeploymentPostprocessing = 0;
		};
		167653B4261C050100BD1FC5 /* Resources */ = {
			isa = PBXResourcesBuildPhase;
			buildActionMask = 2147483647;
			files = (
			);
			runOnlyForDeploymentPostprocessing = 0;
		};
		167653BF261C050100BD1FC5 /* Resources */ = {
			isa = PBXResourcesBuildPhase;
			buildActionMask = 2147483647;
			files = (
			);
			runOnlyForDeploymentPostprocessing = 0;
		};
/* End PBXResourcesBuildPhase section */

/* Begin PBXShellScriptBuildPhase section */
		2A4BD2D923427198F0F600F6 /* [CP] Check Pods Manifest.lock */ = {
			isa = PBXShellScriptBuildPhase;
			buildActionMask = 2147483647;
			files = (
			);
			inputFileListPaths = (
			);
			inputPaths = (
				"${PODS_PODFILE_DIR_PATH}/Podfile.lock",
				"${PODS_ROOT}/Manifest.lock",
			);
			name = "[CP] Check Pods Manifest.lock";
			outputFileListPaths = (
			);
			outputPaths = (
				"$(DERIVED_FILE_DIR)/Pods-test-checkManifestLockResult.txt",
			);
			runOnlyForDeploymentPostprocessing = 0;
			shellPath = /bin/sh;
			shellScript = "diff \"${PODS_PODFILE_DIR_PATH}/Podfile.lock\" \"${PODS_ROOT}/Manifest.lock\" > /dev/null\nif [ $? != 0 ] ; then\n    # print error to STDERR\n    echo \"error: The sandbox is not in sync with the Podfile.lock. Run 'pod install' or update your CocoaPods installation.\" >&2\n    exit 1\nfi\n# This output is used by Xcode 'outputs' to avoid re-running this script phase.\necho \"SUCCESS\" > \"${SCRIPT_OUTPUT_FILE_0}\"\n";
			showEnvVarsInLog = 0;
		};
		7F29E62B2EE39F33510E28CB /* [CP] Embed Pods Frameworks */ = {
			isa = PBXShellScriptBuildPhase;
			buildActionMask = 2147483647;
			files = (
			);
			inputFileListPaths = (
				"${PODS_ROOT}/Target Support Files/Pods-test/Pods-test-frameworks-${CONFIGURATION}-input-files.xcfilelist",
			);
			name = "[CP] Embed Pods Frameworks";
			outputFileListPaths = (
				"${PODS_ROOT}/Target Support Files/Pods-test/Pods-test-frameworks-${CONFIGURATION}-output-files.xcfilelist",
			);
			runOnlyForDeploymentPostprocessing = 0;
			shellPath = /bin/sh;
			shellScript = "\"${PODS_ROOT}/Target Support Files/Pods-test/Pods-test-frameworks.sh\"\n";
			showEnvVarsInLog = 0;
		};
/* End PBXShellScriptBuildPhase section */

/* Begin PBXSourcesBuildPhase section */
		1676539C261C050000BD1FC5 /* Sources */ = {
			isa = PBXSourcesBuildPhase;
			buildActionMask = 2147483647;
			files = (
				169A88D6261C3D9A0025A5C2 /* RefreshViewController.swift in Sources */,
				167653E4261C051000BD1FC5 /* SCDViewAttributes.swift in Sources */,
				167653E2261C051000BD1FC5 /* SCDTextFieldAttributes.swift in Sources */,
				167653E7261C051000BD1FC5 /* SCDImageViewAttributes.swift in Sources */,
				167653A8261C050000BD1FC5 /* ViewController.swift in Sources */,
				169A87E8261C0F6B0025A5C2 /* RefreshTabViewExtension.swift in Sources */,
				169A87E6261C0F6B0025A5C2 /* MJRefreshNormalHeaderNew.swift in Sources */,
				167653E5261C051000BD1FC5 /* SCDScrollViewAttributes.swift in Sources */,
				169A87E7261C0F6B0025A5C2 /* MJRefreshAutoNormalFooterNew.swift in Sources */,
				169A87E4261C0F6B0025A5C2 /* GTDateTimeManager.swift in Sources */,
				169A87E5261C0F6B0025A5C2 /* BaseFooterView.swift in Sources */,
				167653E6261C051000BD1FC5 /* SCDButtonAttributes.swift in Sources */,
				169A88E5261C3E9A0025A5C2 /* UIShowViewController.swift in Sources */,
				169A88EA261C3EBE0025A5C2 /* BaseViewController.swift in Sources */,
				169A88CE261C35EE0025A5C2 /* NormalTableViewCell.swift in Sources */,
				167653A4261C050000BD1FC5 /* AppDelegate.swift in Sources */,
				167653E8261C051000BD1FC5 /* SCDLabelAttributes.swift in Sources */,
				167653A6261C050000BD1FC5 /* SceneDelegate.swift in Sources */,
				167653E1261C051000BD1FC5 /* SCDSwiftKit.swift in Sources */,
				167653E3261C051000BD1FC5 /* SCDTableViewAttributes.swift in Sources */,
				167653E9261C051000BD1FC5 /* SCDTextViewAttributes.swift in Sources */,
				169A88C7261C33900025A5C2 /* Color.swift in Sources */,
			);
			runOnlyForDeploymentPostprocessing = 0;
		};
		167653B2261C050100BD1FC5 /* Sources */ = {
			isa = PBXSourcesBuildPhase;
			buildActionMask = 2147483647;
			files = (
				167653BB261C050100BD1FC5 /* testTests.swift in Sources */,
			);
			runOnlyForDeploymentPostprocessing = 0;
		};
		167653BD261C050100BD1FC5 /* Sources */ = {
			isa = PBXSourcesBuildPhase;
			buildActionMask = 2147483647;
			files = (
				167653C6261C050100BD1FC5 /* testUITests.swift in Sources */,
			);
			runOnlyForDeploymentPostprocessing = 0;
		};
/* End PBXSourcesBuildPhase section */

/* Begin PBXTargetDependency section */
		167653B8261C050100BD1FC5 /* PBXTargetDependency */ = {
			isa = PBXTargetDependency;
			target = 1676539F261C050000BD1FC5 /* test */;
			targetProxy = 167653B7261C050100BD1FC5 /* PBXContainerItemProxy */;
		};
		167653C3261C050100BD1FC5 /* PBXTargetDependency */ = {
			isa = PBXTargetDependency;
			target = 1676539F261C050000BD1FC5 /* test */;
			targetProxy = 167653C2261C050100BD1FC5 /* PBXContainerItemProxy */;
		};
/* End PBXTargetDependency section */

/* Begin PBXVariantGroup section */
		167653A9261C050000BD1FC5 /* Main.storyboard */ = {
			isa = PBXVariantGroup;
			children = (
				167653AA261C050000BD1FC5 /* Base */,
			);
			name = Main.storyboard;
			sourceTree = "<group>";
		};
		167653AE261C050000BD1FC5 /* LaunchScreen.storyboard */ = {
			isa = PBXVariantGroup;
			children = (
				167653AF261C050000BD1FC5 /* Base */,
			);
			name = LaunchScreen.storyboard;
			sourceTree = "<group>";
		};
/* End PBXVariantGroup section */

/* Begin XCBuildConfiguration section */
		167653C8261C050100BD1FC5 /* Debug */ = {
			isa = XCBuildConfiguration;
			buildSettings = {
				ALWAYS_SEARCH_USER_PATHS = NO;
				CLANG_ANALYZER_NONNULL = YES;
				CLANG_ANALYZER_NUMBER_OBJECT_CONVERSION = YES_AGGRESSIVE;
				CLANG_CXX_LANGUAGE_STANDARD = "gnu++14";
				CLANG_CXX_LIBRARY = "libc++";
				CLANG_ENABLE_MODULES = YES;
				CLANG_ENABLE_OBJC_ARC = YES;
				CLANG_ENABLE_OBJC_WEAK = YES;
				CLANG_WARN_BLOCK_CAPTURE_AUTORELEASING = YES;
				CLANG_WARN_BOOL_CONVERSION = YES;
				CLANG_WARN_COMMA = YES;
				CLANG_WARN_CONSTANT_CONVERSION = YES;
				CLANG_WARN_DEPRECATED_OBJC_IMPLEMENTATIONS = YES;
				CLANG_WARN_DIRECT_OBJC_ISA_USAGE = YES_ERROR;
				CLANG_WARN_DOCUMENTATION_COMMENTS = YES;
				CLANG_WARN_EMPTY_BODY = YES;
				CLANG_WARN_ENUM_CONVERSION = YES;
				CLANG_WARN_INFINITE_RECURSION = YES;
				CLANG_WARN_INT_CONVERSION = YES;
				CLANG_WARN_NON_LITERAL_NULL_CONVERSION = YES;
				CLANG_WARN_OBJC_IMPLICIT_RETAIN_SELF = YES;
				CLANG_WARN_OBJC_LITERAL_CONVERSION = YES;
				CLANG_WARN_OBJC_ROOT_CLASS = YES_ERROR;
				CLANG_WARN_QUOTED_INCLUDE_IN_FRAMEWORK_HEADER = YES;
				CLANG_WARN_RANGE_LOOP_ANALYSIS = YES;
				CLANG_WARN_STRICT_PROTOTYPES = YES;
				CLANG_WARN_SUSPICIOUS_MOVE = YES;
				CLANG_WARN_UNGUARDED_AVAILABILITY = YES_AGGRESSIVE;
				CLANG_WARN_UNREACHABLE_CODE = YES;
				CLANG_WARN__DUPLICATE_METHOD_MATCH = YES;
				COPY_PHASE_STRIP = NO;
				DEBUG_INFORMATION_FORMAT = dwarf;
				ENABLE_STRICT_OBJC_MSGSEND = YES;
				ENABLE_TESTABILITY = YES;
				GCC_C_LANGUAGE_STANDARD = gnu11;
				GCC_DYNAMIC_NO_PIC = NO;
				GCC_NO_COMMON_BLOCKS = YES;
				GCC_OPTIMIZATION_LEVEL = 0;
				GCC_PREPROCESSOR_DEFINITIONS = (
					"DEBUG=1",
					"$(inherited)",
				);
				GCC_WARN_64_TO_32_BIT_CONVERSION = YES;
				GCC_WARN_ABOUT_RETURN_TYPE = YES_ERROR;
				GCC_WARN_UNDECLARED_SELECTOR = YES;
				GCC_WARN_UNINITIALIZED_AUTOS = YES_AGGRESSIVE;
				GCC_WARN_UNUSED_FUNCTION = YES;
				GCC_WARN_UNUSED_VARIABLE = YES;
				IPHONEOS_DEPLOYMENT_TARGET = 14.0;
				MTL_ENABLE_DEBUG_INFO = INCLUDE_SOURCE;
				MTL_FAST_MATH = YES;
				ONLY_ACTIVE_ARCH = YES;
				SDKROOT = iphoneos;
				SWIFT_ACTIVE_COMPILATION_CONDITIONS = DEBUG;
				SWIFT_OPTIMIZATION_LEVEL = "-Onone";
			};
			name = Debug;
		};
		167653C9261C050100BD1FC5 /* Release */ = {
			isa = XCBuildConfiguration;
			buildSettings = {
				ALWAYS_SEARCH_USER_PATHS = NO;
				CLANG_ANALYZER_NONNULL = YES;
				CLANG_ANALYZER_NUMBER_OBJECT_CONVERSION = YES_AGGRESSIVE;
				CLANG_CXX_LANGUAGE_STANDARD = "gnu++14";
				CLANG_CXX_LIBRARY = "libc++";
				CLANG_ENABLE_MODULES = YES;
				CLANG_ENABLE_OBJC_ARC = YES;
				CLANG_ENABLE_OBJC_WEAK = YES;
				CLANG_WARN_BLOCK_CAPTURE_AUTORELEASING = YES;
				CLANG_WARN_BOOL_CONVERSION = YES;
				CLANG_WARN_COMMA = YES;
				CLANG_WARN_CONSTANT_CONVERSION = YES;
				CLANG_WARN_DEPRECATED_OBJC_IMPLEMENTATIONS = YES;
				CLANG_WARN_DIRECT_OBJC_ISA_USAGE = YES_ERROR;
				CLANG_WARN_DOCUMENTATION_COMMENTS = YES;
				CLANG_WARN_EMPTY_BODY = YES;
				CLANG_WARN_ENUM_CONVERSION = YES;
				CLANG_WARN_INFINITE_RECURSION = YES;
				CLANG_WARN_INT_CONVERSION = YES;
				CLANG_WARN_NON_LITERAL_NULL_CONVERSION = YES;
				CLANG_WARN_OBJC_IMPLICIT_RETAIN_SELF = YES;
				CLANG_WARN_OBJC_LITERAL_CONVERSION = YES;
				CLANG_WARN_OBJC_ROOT_CLASS = YES_ERROR;
				CLANG_WARN_QUOTED_INCLUDE_IN_FRAMEWORK_HEADER = YES;
				CLANG_WARN_RANGE_LOOP_ANALYSIS = YES;
				CLANG_WARN_STRICT_PROTOTYPES = YES;
				CLANG_WARN_SUSPICIOUS_MOVE = YES;
				CLANG_WARN_UNGUARDED_AVAILABILITY = YES_AGGRESSIVE;
				CLANG_WARN_UNREACHABLE_CODE = YES;
				CLANG_WARN__DUPLICATE_METHOD_MATCH = YES;
				COPY_PHASE_STRIP = NO;
				DEBUG_INFORMATION_FORMAT = "dwarf-with-dsym";
				ENABLE_NS_ASSERTIONS = NO;
				ENABLE_STRICT_OBJC_MSGSEND = YES;
				GCC_C_LANGUAGE_STANDARD = gnu11;
				GCC_NO_COMMON_BLOCKS = YES;
				GCC_WARN_64_TO_32_BIT_CONVERSION = YES;
				GCC_WARN_ABOUT_RETURN_TYPE = YES_ERROR;
				GCC_WARN_UNDECLARED_SELECTOR = YES;
				GCC_WARN_UNINITIALIZED_AUTOS = YES_AGGRESSIVE;
				GCC_WARN_UNUSED_FUNCTION = YES;
				GCC_WARN_UNUSED_VARIABLE = YES;
				IPHONEOS_DEPLOYMENT_TARGET = 14.0;
				MTL_ENABLE_DEBUG_INFO = NO;
				MTL_FAST_MATH = YES;
				SDKROOT = iphoneos;
				SWIFT_COMPILATION_MODE = wholemodule;
				SWIFT_OPTIMIZATION_LEVEL = "-O";
				VALIDATE_PRODUCT = YES;
			};
			name = Release;
		};
		167653CB261C050100BD1FC5 /* Debug */ = {
			isa = XCBuildConfiguration;
			baseConfigurationReference = 65C54A8AEB1E52418A9A60E1 /* Pods-test.debug.xcconfig */;
			buildSettings = {
				ASSETCATALOG_COMPILER_APPICON_NAME = AppIcon;
				ASSETCATALOG_COMPILER_GLOBAL_ACCENT_COLOR_NAME = AccentColor;
				CODE_SIGN_STYLE = Automatic;
				DEVELOPMENT_TEAM = UT5F76KWRD;
				INFOPLIST_FILE = test/Info.plist;
				LD_RUNPATH_SEARCH_PATHS = (
					"$(inherited)",
					"@executable_path/Frameworks",
				);
				PRODUCT_BUNDLE_IDENTIFIER = animationReorganize.test;
				PRODUCT_NAME = "$(TARGET_NAME)";
				SWIFT_VERSION = 5.0;
				TARGETED_DEVICE_FAMILY = "1,2";
			};
			name = Debug;
		};
		167653CC261C050100BD1FC5 /* Release */ = {
			isa = XCBuildConfiguration;
			baseConfigurationReference = 433D5C69F3D9EB8FF5AB5E03 /* Pods-test.release.xcconfig */;
			buildSettings = {
				ASSETCATALOG_COMPILER_APPICON_NAME = AppIcon;
				ASSETCATALOG_COMPILER_GLOBAL_ACCENT_COLOR_NAME = AccentColor;
				CODE_SIGN_STYLE = Automatic;
				DEVELOPMENT_TEAM = UT5F76KWRD;
				INFOPLIST_FILE = test/Info.plist;
				LD_RUNPATH_SEARCH_PATHS = (
					"$(inherited)",
					"@executable_path/Frameworks",
				);
				PRODUCT_BUNDLE_IDENTIFIER = animationReorganize.test;
				PRODUCT_NAME = "$(TARGET_NAME)";
				SWIFT_VERSION = 5.0;
				TARGETED_DEVICE_FAMILY = "1,2";
			};
			name = Release;
		};
		167653CE261C050100BD1FC5 /* Debug */ = {
			isa = XCBuildConfiguration;
			buildSettings = {
				ALWAYS_EMBED_SWIFT_STANDARD_LIBRARIES = YES;
				BUNDLE_LOADER = "$(TEST_HOST)";
				CODE_SIGN_STYLE = Automatic;
				DEVELOPMENT_TEAM = UT5F76KWRD;
				INFOPLIST_FILE = testTests/Info.plist;
				IPHONEOS_DEPLOYMENT_TARGET = 14.0;
				LD_RUNPATH_SEARCH_PATHS = (
					"$(inherited)",
					"@executable_path/Frameworks",
					"@loader_path/Frameworks",
				);
				PRODUCT_BUNDLE_IDENTIFIER = animationReorganize.testTests;
				PRODUCT_NAME = "$(TARGET_NAME)";
				SWIFT_VERSION = 5.0;
				TARGETED_DEVICE_FAMILY = "1,2";
				TEST_HOST = "$(BUILT_PRODUCTS_DIR)/test.app/test";
			};
			name = Debug;
		};
		167653CF261C050100BD1FC5 /* Release */ = {
			isa = XCBuildConfiguration;
			buildSettings = {
				ALWAYS_EMBED_SWIFT_STANDARD_LIBRARIES = YES;
				BUNDLE_LOADER = "$(TEST_HOST)";
				CODE_SIGN_STYLE = Automatic;
				DEVELOPMENT_TEAM = UT5F76KWRD;
				INFOPLIST_FILE = testTests/Info.plist;
				IPHONEOS_DEPLOYMENT_TARGET = 14.0;
				LD_RUNPATH_SEARCH_PATHS = (
					"$(inherited)",
					"@executable_path/Frameworks",
					"@loader_path/Frameworks",
				);
				PRODUCT_BUNDLE_IDENTIFIER = animationReorganize.testTests;
				PRODUCT_NAME = "$(TARGET_NAME)";
				SWIFT_VERSION = 5.0;
				TARGETED_DEVICE_FAMILY = "1,2";
				TEST_HOST = "$(BUILT_PRODUCTS_DIR)/test.app/test";
			};
			name = Release;
		};
		167653D1261C050100BD1FC5 /* Debug */ = {
			isa = XCBuildConfiguration;
			buildSettings = {
				ALWAYS_EMBED_SWIFT_STANDARD_LIBRARIES = YES;
				CODE_SIGN_STYLE = Automatic;
				DEVELOPMENT_TEAM = UT5F76KWRD;
				INFOPLIST_FILE = testUITests/Info.plist;
				LD_RUNPATH_SEARCH_PATHS = (
					"$(inherited)",
					"@executable_path/Frameworks",
					"@loader_path/Frameworks",
				);
				PRODUCT_BUNDLE_IDENTIFIER = animationReorganize.testUITests;
				PRODUCT_NAME = "$(TARGET_NAME)";
				SWIFT_VERSION = 5.0;
				TARGETED_DEVICE_FAMILY = "1,2";
				TEST_TARGET_NAME = test;
			};
			name = Debug;
		};
		167653D2261C050100BD1FC5 /* Release */ = {
			isa = XCBuildConfiguration;
			buildSettings = {
				ALWAYS_EMBED_SWIFT_STANDARD_LIBRARIES = YES;
				CODE_SIGN_STYLE = Automatic;
				DEVELOPMENT_TEAM = UT5F76KWRD;
				INFOPLIST_FILE = testUITests/Info.plist;
				LD_RUNPATH_SEARCH_PATHS = (
					"$(inherited)",
					"@executable_path/Frameworks",
					"@loader_path/Frameworks",
				);
				PRODUCT_BUNDLE_IDENTIFIER = animationReorganize.testUITests;
				PRODUCT_NAME = "$(TARGET_NAME)";
				SWIFT_VERSION = 5.0;
				TARGETED_DEVICE_FAMILY = "1,2";
				TEST_TARGET_NAME = test;
			};
			name = Release;
		};
/* End XCBuildConfiguration section */

/* Begin XCConfigurationList section */
		1676539B261C050000BD1FC5 /* Build configuration list for PBXProject "test" */ = {
			isa = XCConfigurationList;
			buildConfigurations = (
				167653C8261C050100BD1FC5 /* Debug */,
				167653C9261C050100BD1FC5 /* Release */,
			);
			defaultConfigurationIsVisible = 0;
			defaultConfigurationName = Release;
		};
		167653CA261C050100BD1FC5 /* Build configuration list for PBXNativeTarget "test" */ = {
			isa = XCConfigurationList;
			buildConfigurations = (
				167653CB261C050100BD1FC5 /* Debug */,
				167653CC261C050100BD1FC5 /* Release */,
			);
			defaultConfigurationIsVisible = 0;
			defaultConfigurationName = Release;
		};
		167653CD261C050100BD1FC5 /* Build configuration list for PBXNativeTarget "testTests" */ = {
			isa = XCConfigurationList;
			buildConfigurations = (
				167653CE261C050100BD1FC5 /* Debug */,
				167653CF261C050100BD1FC5 /* Release */,
			);
			defaultConfigurationIsVisible = 0;
			defaultConfigurationName = Release;
		};
		167653D0261C050100BD1FC5 /* Build configuration list for PBXNativeTarget "testUITests" */ = {
			isa = XCConfigurationList;
			buildConfigurations = (
				167653D1261C050100BD1FC5 /* Debug */,
				167653D2261C050100BD1FC5 /* Release */,
			);
			defaultConfigurationIsVisible = 0;
			defaultConfigurationName = Release;
		};
/* End XCConfigurationList section */
	};
	rootObject = 16765398261C050000BD1FC5 /* Project object */;
}
